
Microsoft Visual Studio Solution File, Format Version 12.00
# Visual Studio Version 17
VisualStudioVersion = 17.14.37111.16 d17.14
MinimumVisualStudioVersion = 10.0.40219.1
Project("{8BC9CEB8-8B4A-11D0-8D11-00A0C91BC942}") = "GuardHunter", "GuardHunter\GuardHunter.vcxproj", "{407E2321-DF61-2B60-61D3-74463CD4CFD7}"
EndProject
Global
	GlobalSection(SolutionConfigurationPlatforms) = preSolution
		Debug|ARM64 = Debug|ARM64
		Debug|x64 = Debug|x64
		Release|ARM64 = Release|ARM64
		Release|x64 = Release|x64
	EndGlobalSection
	GlobalSection(ProjectConfigurationPlatforms) = postSolution
		{407E2321-DF61-2B60-61D3-74463CD4CFD7}.Debug|ARM64.ActiveCfg = Debug|ARM64
		{407E2321-DF61-2B60-61D3-74463CD4CFD7}.Debug|ARM64.Build.0 = Debug|ARM64
		{407E2321-DF61-2B60-61D3-74463CD4CFD7}.Debug|ARM64.Deploy.0 = Debug|ARM64
		{407E2321-DF61-2B60-61D3-74463CD4CFD7}.Debug|x64.ActiveCfg = Debug|x64
		{407E2321-DF61-2B60-61D3-74463CD4CFD7}.Debug|x64.Build.0 = Debug|x64
		{407E2321-DF61-2B60-61D3-74463CD4CFD7}.Debug|x64.Deploy.0 = Debug|x64
		{407E2321-DF61-2B60-61D3-74463CD4CFD7}.Release|ARM64.ActiveCfg = Release|ARM64
		{407E2321-DF61-2B60-61D3-74463CD4CFD7}.Release|ARM64.Build.0 = Release|ARM64
		{407E2321-DF61-2B60-61D3-74463CD4CFD7}.Release|ARM64.Deploy.0 = Release|ARM64
		{407E2321-DF61-2B60-61D3-74463CD4CFD7}.Release|x64.ActiveCfg = Release|x64
		{407E2321-DF61-2B60-61D3-74463CD4CFD7}.Release|x64.Build.0 = Release|x64
		{407E2321-DF61-2B60-61D3-74463CD4CFD7}.Release|x64.Deploy.0 = Release|x64
	EndGlobalSection
	GlobalSection(SolutionProperties) = preSolution
		HideSolutionNode = FALSE
	EndGlobalSection
	GlobalSection(ExtensibilityGlobals) = postSolution
		SolutionGuid = {60E8C1E2-DC68-4D7E-9AEA-E3D711EEB65F}
	EndGlobalSection
EndGlobal
